
Microsoft Visual Studio Solution File, Format Version 12.00
# Visual Studio Version 17
VisualStudioVersion = 17.5.33516.290
MinimumVisualStudioVersion = 10.0.40219.1
Project("{FAE04EC0-301F-11D3-BF4B-00C04F79EFBC}") = "BornomalaStore", "BornomalaStore\BornomalaStore.csproj", "{DC5876DA-4E60-4D1B-BA2E-788BDB5FEACB}"
EndProject
Global
	GlobalSection(SolutionConfigurationPlatforms) = preSolution
		Debug|Any CPU = Debug|Any CPU
		Release|Any CPU = Release|Any CPU
	EndGlobalSection
	GlobalSection(ProjectConfigurationPlatforms) = postSolution
		{DC5876DA-4E60-4D1B-BA2E-788BDB5FEACB}.Debug|Any CPU.ActiveCfg = Debug|Any CPU
		{DC5876DA-4E60-4D1B-BA2E-788BDB5FEACB}.Debug|Any CPU.Build.0 = Debug|Any CPU
		{DC5876DA-4E60-4D1B-BA2E-788BDB5FEACB}.Release|Any CPU.ActiveCfg = Release|Any CPU
		{DC5876DA-4E60-4D1B-BA2E-788BDB5FEACB}.Release|Any CPU.Build.0 = Release|Any CPU
	EndGlobalSection
	GlobalSection(SolutionProperties) = preSolution
		HideSolutionNode = FALSE
	EndGlobalSection
	GlobalSection(ExtensibilityGlobals) = postSolution
		SolutionGuid = {BB2DD2B4-361A-41A4-8643-696A6CBDB18C}
	EndGlobalSection
EndGlobal
